PODS:
  - Alamofire (3.4.1)
  - AlamofireObjectMapper (3.0.0):
    - Alamofire (~> 3.2)
    - ObjectMapper (~> 1.0)
  - Argo (3.0.1)
  - IQKeyboardManagerSwift (4.0.4)
  - JSONModel (1.2.0)
  - MBProgressHUD (1.0.0)
  - ObjectMapper (1.3.0)
  - SVProgressHUD (2.0.3)
  - SwiftDate (3.0.8)
  - SwiftyJSON (2.3.2)

DEPENDENCIES:
  - Alamofire
  - AlamofireObjectMapper
  - Argo
  - IQKeyboardManagerSwift
  - JSONModel
  - MBProgressHUD
  - SVProgressHUD
  - SwiftDate
  - SwiftyJSON

SPEC CHECKSUMS:
  Alamofire: 01a82e2f6c0f860ade35534c8dd88be61bdef40c
  AlamofireObjectMapper: 2d16585d06177be0116d76de73497e77437798af
  Argo: 22c5d62b7967020a641468c91dc9488bea9523b8
  IQKeyboardManagerSwift: e0964d04d6a29b71016fd346dca13ecb80a2823a
  JSONModel: 12523685c4b623553ccf844bbbf7007624317b2c
  MBProgressHUD: 4890f671c94e8a0f3cf959aa731e9de2f036d71a
  ObjectMapper: 4eb08a726e9791a93b2632049951b56a7c17e471
  SVProgressHUD: b0830714205bea1317ea1a2ebc71e5633af334d4
  SwiftDate: 971f8b9394f664f2226b9c3ab64e801a7291c612
  SwiftyJSON: 04ccea08915aa0109039157c7974cf0298da292a

PODFILE CHECKSUM: 83c4ec4f14325e84cef1d4c2d74e45a71b87652e

COCOAPODS: 1.0.0
