// !$*UTF8*$!
{
	archiveVersion = 1;
	classes = {
	};
	objectVersion = 46;
	objects = {

/* Begin PBXBuildFile section */
		19E4CE7C881F70C4ED686FD0 /* Pods_NFBeeControllerSwift.framework in Frameworks */ = {isa = PBXBuildFile; fileRef = 10E99E62BAA0A80E5BAB62D6 /* Pods_NFBeeControllerSwift.framework */; };
		E005A06A1D631526008596A9 /* MBProgressHUD+NFAddtion.m in Sources */ = {isa = PBXBuildFile; fileRef = E005A0691D631526008596A9 /* MBProgressHUD+NFAddtion.m */; };
		E0096F371D64351E006E1BD6 /* NFBaseResponse.swift in Sources */ = {isa = PBXBuildFile; fileRef = E0096F361D64351E006E1BD6 /* NFBaseResponse.swift */; };
		E0096F391D6435A2006E1BD6 /* NFBaseRequest.swift in Sources */ = {isa = PBXBuildFile; fileRef = E0096F381D6435A2006E1BD6 /* NFBaseRequest.swift */; };
		E0799F8C1D48BD39001F2A10 /* NFLogger.swift in Sources */ = {isa = PBXBuildFile; fileRef = E0799F8B1D48BD39001F2A10 /* NFLogger.swift */; };
		E0799F901D4A0526001F2A10 /* SVProgressHUD+NFAddtion.m in Sources */ = {isa = PBXBuildFile; fileRef = E0799F8F1D4A0526001F2A10 /* SVProgressHUD+NFAddtion.m */; };
		E0799F921D4B426C001F2A10 /* NFHTTPTask.swift in Sources */ = {isa = PBXBuildFile; fileRef = E0799F911D4B426C001F2A10 /* NFHTTPTask.swift */; };
		E0A124AD1D473E0700968B20 /* AppDelegate.swift in Sources */ = {isa = PBXBuildFile; fileRef = E0A124AC1D473E0700968B20 /* AppDelegate.swift */; };
		E0A124AF1D473E0700968B20 /* ViewController.swift in Sources */ = {isa = PBXBuildFile; fileRef = E0A124AE1D473E0700968B20 /* ViewController.swift */; };
		E0A124B21D473E0700968B20 /* Main.storyboard in Resources */ = {isa = PBXBuildFile; fileRef = E0A124B01D473E0700968B20 /* Main.storyboard */; };
		E0A124B41D473E0800968B20 /* Assets.xcassets in Resources */ = {isa = PBXBuildFile; fileRef = E0A124B31D473E0800968B20 /* Assets.xcassets */; };
		E0A124B71D473E0800968B20 /* LaunchScreen.storyboard in Resources */ = {isa = PBXBuildFile; fileRef = E0A124B51D473E0800968B20 /* LaunchScreen.storyboard */; };
		E0A124C61D485F6800968B20 /* AlamofireSwiftyJSON.swift in Sources */ = {isa = PBXBuildFile; fileRef = E0A124C51D485F6800968B20 /* AlamofireSwiftyJSON.swift */; };
/* End PBXBuildFile section */

/* Begin PBXFileReference section */
		10E99E62BAA0A80E5BAB62D6 /* Pods_NFBeeControllerSwift.framework */ = {isa = PBXFileReference; explicitFileType = wrapper.framework; includeInIndex = 0; path = Pods_NFBeeControllerSwift.framework; sourceTree = BUILT_PRODUCTS_DIR; };
		3526801A66B386DD1749CF3C /* Pods-NFBeeControllerSwift.debug.xcconfig */ = {isa = PBXFileReference; includeInIndex = 1; lastKnownFileType = text.xcconfig; name = "Pods-NFBeeControllerSwift.debug.xcconfig"; path = "Pods/Target Support Files/Pods-NFBeeControllerSwift/Pods-NFBeeControllerSwift.debug.xcconfig"; sourceTree = "<group>"; };
		D6E649CBCB85984B1B057D77 /* Pods-NFBeeControllerSwift.release.xcconfig */ = {isa = PBXFileReference; includeInIndex = 1; lastKnownFileType = text.xcconfig; name = "Pods-NFBeeControllerSwift.release.xcconfig"; path = "Pods/Target Support Files/Pods-NFBeeControllerSwift/Pods-NFBeeControllerSwift.release.xcconfig"; sourceTree = "<group>"; };
		E005A0681D631526008596A9 /* MBProgressHUD+NFAddtion.h */ = {isa = PBXFileReference; fileEncoding = 4; lastKnownFileType = sourcecode.c.h; path = "MBProgressHUD+NFAddtion.h"; sourceTree = "<group>"; };
		E005A0691D631526008596A9 /* MBProgressHUD+NFAddtion.m */ = {isa = PBXFileReference; fileEncoding = 4; lastKnownFileType = sourcecode.c.objc; path = "MBProgressHUD+NFAddtion.m"; sourceTree = "<group>"; };
		E0096F361D64351E006E1BD6 /* NFBaseResponse.swift */ = {isa = PBXFileReference; fileEncoding = 4; lastKnownFileType = sourcecode.swift; path = NFBaseResponse.swift; sourceTree = "<group>"; };
		E0096F381D6435A2006E1BD6 /* NFBaseRequest.swift */ = {isa = PBXFileReference; fileEncoding = 4; lastKnownFileType = sourcecode.swift; path = NFBaseRequest.swift; sourceTree = "<group>"; };
		E0799F8B1D48BD39001F2A10 /* NFLogger.swift */ = {isa = PBXFileReference; fileEncoding = 4; lastKnownFileType = sourcecode.swift; path = NFLogger.swift; sourceTree = "<group>"; };
		E0799F8D1D4A0523001F2A10 /* NFBeeControllerSwift-Bridging-Header.h */ = {isa = PBXFileReference; lastKnownFileType = sourcecode.c.h; path = "NFBeeControllerSwift-Bridging-Header.h"; sourceTree = "<group>"; };
		E0799F8E1D4A0526001F2A10 /* SVProgressHUD+NFAddtion.h */ = {isa = PBXFileReference; fileEncoding = 4; lastKnownFileType = sourcecode.c.h; path = "SVProgressHUD+NFAddtion.h"; sourceTree = "<group>"; };
		E0799F8F1D4A0526001F2A10 /* SVProgressHUD+NFAddtion.m */ = {isa = PBXFileReference; fileEncoding = 4; lastKnownFileType = sourcecode.c.objc; path = "SVProgressHUD+NFAddtion.m"; sourceTree = "<group>"; };
		E0799F911D4B426C001F2A10 /* NFHTTPTask.swift */ = {isa = PBXFileReference; fileEncoding = 4; lastKnownFileType = sourcecode.swift; path = NFHTTPTask.swift; sourceTree = "<group>"; };
		E0A124A91D473E0600968B20 /* NFBeeControllerSwift.app */ = {isa = PBXFileReference; explicitFileType = wrapper.application; includeInIndex = 0; path = NFBeeControllerSwift.app; sourceTree = BUILT_PRODUCTS_DIR; };
		E0A124AC1D473E0700968B20 /* AppDelegate.swift */ = {isa = PBXFileReference; lastKnownFileType = sourcecode.swift; path = AppDelegate.swift; sourceTree = "<group>"; };
		E0A124AE1D473E0700968B20 /* ViewController.swift */ = {isa = PBXFileReference; lastKnownFileType = sourcecode.swift; path = ViewController.swift; sourceTree = "<group>"; };
		E0A124B11D473E0700968B20 /* Base */ = {isa = PBXFileReference; lastKnownFileType = file.storyboard; name = Base; path = Base.lproj/Main.storyboard; sourceTree = "<group>"; };
		E0A124B31D473E0800968B20 /* Assets.xcassets */ = {isa = PBXFileReference; lastKnownFileType = folder.assetcatalog; path = Assets.xcassets; sourceTree = "<group>"; };
		E0A124B61D473E0800968B20 /* Base */ = {isa = PBXFileReference; lastKnownFileType = file.storyboard; name = Base; path = Base.lproj/LaunchScreen.storyboard; sourceTree = "<group>"; };
		E0A124B81D473E0800968B20 /* Info.plist */ = {isa = PBXFileReference; lastKnownFileType = text.plist.xml; path = Info.plist; sourceTree = "<group>"; };
		E0A124C51D485F6800968B20 /* AlamofireSwiftyJSON.swift */ = {isa = PBXFileReference; fileEncoding = 4; lastKnownFileType = sourcecode.swift; path = AlamofireSwiftyJSON.swift; sourceTree = "<group>"; };
/* End PBXFileReference section */

/* Begin PBXFrameworksBuildPhase section */
		E0A124A61D473E0600968B20 /* Frameworks */ = {
			isa = PBXFrameworksBuildPhase;
			buildActionMask = 2147483647;
			files = (
				19E4CE7C881F70C4ED686FD0 /* Pods_NFBeeControllerSwift.framework in Frameworks */,
			);
			runOnlyForDeploymentPostprocessing = 0;
		};
/* End PBXFrameworksBuildPhase section */

/* Begin PBXGroup section */
		485AE9DD3BA1B80A849EE66A /* Frameworks */ = {
			isa = PBXGroup;
			children = (
				10E99E62BAA0A80E5BAB62D6 /* Pods_NFBeeControllerSwift.framework */,
			);
			name = Frameworks;
			sourceTree = "<group>";
		};
		8C28CF9912C925AFB3773023 /* Pods */ = {
			isa = PBXGroup;
			children = (
				3526801A66B386DD1749CF3C /* Pods-NFBeeControllerSwift.debug.xcconfig */,
				D6E649CBCB85984B1B057D77 /* Pods-NFBeeControllerSwift.release.xcconfig */,
			);
			name = Pods;
			sourceTree = "<group>";
		};
		E0A124A01D473E0600968B20 = {
			isa = PBXGroup;
			children = (
				E0A124AB1D473E0700968B20 /* NFBeeControllerSwift */,
				E0A124AA1D473E0600968B20 /* Products */,
				8C28CF9912C925AFB3773023 /* Pods */,
				485AE9DD3BA1B80A849EE66A /* Frameworks */,
			);
			sourceTree = "<group>";
		};
		E0A124AA1D473E0600968B20 /* Products */ = {
			isa = PBXGroup;
			children = (
				E0A124A91D473E0600968B20 /* NFBeeControllerSwift.app */,
			);
			name = Products;
			sourceTree = "<group>";
		};
		E0A124AB1D473E0700968B20 /* NFBeeControllerSwift */ = {
			isa = PBXGroup;
			children = (
				E0799F8E1D4A0526001F2A10 /* SVProgressHUD+NFAddtion.h */,
				E0799F8F1D4A0526001F2A10 /* SVProgressHUD+NFAddtion.m */,
				E0A124C51D485F6800968B20 /* AlamofireSwiftyJSON.swift */,
				E0A124AC1D473E0700968B20 /* AppDelegate.swift */,
				E0A124AE1D473E0700968B20 /* ViewController.swift */,
				E0799F8B1D48BD39001F2A10 /* NFLogger.swift */,
				E0A124B01D473E0700968B20 /* Main.storyboard */,
				E0A124B31D473E0800968B20 /* Assets.xcassets */,
				E0A124B51D473E0800968B20 /* LaunchScreen.storyboard */,
				E0A124B81D473E0800968B20 /* Info.plist */,
				E0799F8D1D4A0523001F2A10 /* NFBeeControllerSwift-Bridging-Header.h */,
				E005A0681D631526008596A9 /* MBProgressHUD+NFAddtion.h */,
				E005A0691D631526008596A9 /* MBProgressHUD+NFAddtion.m */,
				E0799F911D4B426C001F2A10 /* NFHTTPTask.swift */,
				E0096F361D64351E006E1BD6 /* NFBaseResponse.swift */,
				E0096F381D6435A2006E1BD6 /* NFBaseRequest.swift */,
			);
			path = NFBeeControllerSwift;
			sourceTree = "<group>";
		};
/* End PBXGroup section */

/* Begin PBXNativeTarget section */
		E0A124A81D473E0600968B20 /* NFBeeControllerSwift */ = {
			isa = PBXNativeTarget;
			buildConfigurationList = E0A124BB1D473E0800968B20 /* Build configuration list for PBXNativeTarget "NFBeeControllerSwift" */;
			buildPhases = (
				BCF3C00154B807D9360045D7 /* 📦 Check Pods Manifest.lock */,
				E0A124A51D473E0600968B20 /* Sources */,
				E0A124A61D473E0600968B20 /* Frameworks */,
				E0A124A71D473E0600968B20 /* Resources */,
				A5D8469A1B55FEC99105F3C7 /* 📦 Embed Pods Frameworks */,
				1B0DBE54ADB18914ED67C96B /* 📦 Copy Pods Resources */,
			);
			buildRules = (
			);
			dependencies = (
			);
			name = NFBeeControllerSwift;
			productName = NFBeeControllerSwift;
			productReference = E0A124A91D473E0600968B20 /* NFBeeControllerSwift.app */;
			productType = "com.apple.product-type.application";
		};
/* End PBXNativeTarget section */

/* Begin PBXProject section */
		E0A124A11D473E0600968B20 /* Project object */ = {
			isa = PBXProject;
			attributes = {
				LastSwiftUpdateCheck = 0730;
				LastUpgradeCheck = 0730;
				ORGANIZATIONNAME = jiangpengcheng;
				TargetAttributes = {
					E0A124A81D473E0600968B20 = {
						CreatedOnToolsVersion = 7.3;
					};
				};
			};
			buildConfigurationList = E0A124A41D473E0600968B20 /* Build configuration list for PBXProject "NFBeeControllerSwift" */;
			compatibilityVersion = "Xcode 3.2";
			developmentRegion = English;
			hasScannedForEncodings = 0;
			knownRegions = (
				en,
				Base,
			);
			mainGroup = E0A124A01D473E0600968B20;
			productRefGroup = E0A124AA1D473E0600968B20 /* Products */;
			projectDirPath = "";
			projectRoot = "";
			targets = (
				E0A124A81D473E0600968B20 /* NFBeeControllerSwift */,
			);
		};
/* End PBXProject section */

/* Begin PBXResourcesBuildPhase section */
		E0A124A71D473E0600968B20 /* Resources */ = {
			isa = PBXResourcesBuildPhase;
			buildActionMask = 2147483647;
			files = (
				E0A124B71D473E0800968B20 /* LaunchScreen.storyboard in Resources */,
				E0A124B41D473E0800968B20 /* Assets.xcassets in Resources */,
				E0A124B21D473E0700968B20 /* Main.storyboard in Resources */,
			);
			runOnlyForDeploymentPostprocessing = 0;
		};
/* End PBXResourcesBuildPhase section */

/* Begin PBXShellScriptBuildPhase section */
		1B0DBE54ADB18914ED67C96B /* 📦 Copy Pods Resources */ = {
			isa = PBXShellScriptBuildPhase;
			buildActionMask = 2147483647;
			files = (
			);
			inputPaths = (
			);
			name = "📦 Copy Pods Resources";
			outputPaths = (
			);
			runOnlyForDeploymentPostprocessing = 0;
			shellPath = /bin/sh;
			shellScript = "\"${SRCROOT}/Pods/Target Support Files/Pods-NFBeeControllerSwift/Pods-NFBeeControllerSwift-resources.sh\"\n";
			showEnvVarsInLog = 0;
		};
		A5D8469A1B55FEC99105F3C7 /* 📦 Embed Pods Frameworks */ = {
			isa = PBXShellScriptBuildPhase;
			buildActionMask = 2147483647;
			files = (
			);
			inputPaths = (
			);
			name = "📦 Embed Pods Frameworks";
			outputPaths = (
			);
			runOnlyForDeploymentPostprocessing = 0;
			shellPath = /bin/sh;
			shellScript = "\"${SRCROOT}/Pods/Target Support Files/Pods-NFBeeControllerSwift/Pods-NFBeeControllerSwift-frameworks.sh\"\n";
			showEnvVarsInLog = 0;
		};
		BCF3C00154B807D9360045D7 /* 📦 Check Pods Manifest.lock */ = {
			isa = PBXShellScriptBuildPhase;
			buildActionMask = 2147483647;
			files = (
			);
			inputPaths = (
			);
			name = "📦 Check Pods Manifest.lock";
			outputPaths = (
			);
			runOnlyForDeploymentPostprocessing = 0;
			shellPath = /bin/sh;
			shellScript = "diff \"${PODS_ROOT}/../Podfile.lock\" \"${PODS_ROOT}/Manifest.lock\" > /dev/null\nif [[ $? != 0 ]] ; then\n    cat << EOM\nerror: The sandbox is not in sync with the Podfile.lock. Run 'pod install' or update your CocoaPods installation.\nEOM\n    exit 1\nfi\n";
			showEnvVarsInLog = 0;
		};
/* End PBXShellScriptBuildPhase section */

/* Begin PBXSourcesBuildPhase section */
		E0A124A51D473E0600968B20 /* Sources */ = {
			isa = PBXSourcesBuildPhase;
			buildActionMask = 2147483647;
			files = (
				E0A124AF1D473E0700968B20 /* ViewController.swift in Sources */,
				E0799F8C1D48BD39001F2A10 /* NFLogger.swift in Sources */,
				E005A06A1D631526008596A9 /* MBProgressHUD+NFAddtion.m in Sources */,
				E0799F901D4A0526001F2A10 /* SVProgressHUD+NFAddtion.m in Sources */,
				E0096F371D64351E006E1BD6 /* NFBaseResponse.swift in Sources */,
				E0799F921D4B426C001F2A10 /* NFHTTPTask.swift in Sources */,
				E0A124C61D485F6800968B20 /* AlamofireSwiftyJSON.swift in Sources */,
				E0096F391D6435A2006E1BD6 /* NFBaseRequest.swift in Sources */,
				E0A124AD1D473E0700968B20 /* AppDelegate.swift in Sources */,
			);
			runOnlyForDeploymentPostprocessing = 0;
		};
/* End PBXSourcesBuildPhase section */

/* Begin PBXVariantGroup section */
		E0A124B01D473E0700968B20 /* Main.storyboard */ = {
			isa = PBXVariantGroup;
			children = (
				E0A124B11D473E0700968B20 /* Base */,
			);
			name = Main.storyboard;
			sourceTree = "<group>";
		};
		E0A124B51D473E0800968B20 /* LaunchScreen.storyboard */ = {
			isa = PBXVariantGroup;
			children = (
				E0A124B61D473E0800968B20 /* Base */,
			);
			name = LaunchScreen.storyboard;
			sourceTree = "<group>";
		};
/* End PBXVariantGroup section */

/* Begin XCBuildConfiguration section */
		E0A124B91D473E0800968B20 /* Debug */ = {
			isa = XCBuildConfiguration;
			buildSettings = {
				ALWAYS_SEARCH_USER_PATHS = NO;
				CLANG_ANALYZER_NONNULL = YES;
				CLANG_CXX_LANGUAGE_STANDARD = "gnu++0x";
				CLANG_CXX_LIBRARY = "libc++";
				CLANG_ENABLE_MODULES = YES;
				CLANG_ENABLE_OBJC_ARC = YES;
				CLANG_WARN_BOOL_CONVERSION = YES;
				CLANG_WARN_CONSTANT_CONVERSION = YES;
				CLANG_WARN_DIRECT_OBJC_ISA_USAGE = YES_ERROR;
				CLANG_WARN_EMPTY_BODY = YES;
				CLANG_WARN_ENUM_CONVERSION = YES;
				CLANG_WARN_INT_CONVERSION = YES;
				CLANG_WARN_OBJC_ROOT_CLASS = YES_ERROR;
				CLANG_WARN_UNREACHABLE_CODE = YES;
				CLANG_WARN__DUPLICATE_METHOD_MATCH = YES;
				"CODE_SIGN_IDENTITY[sdk=iphoneos*]" = "iPhone Developer";
				COPY_PHASE_STRIP = NO;
				DEBUG_INFORMATION_FORMAT = dwarf;
				ENABLE_STRICT_OBJC_MSGSEND = YES;
				ENABLE_TESTABILITY = YES;
				GCC_C_LANGUAGE_STANDARD = gnu99;
				GCC_DYNAMIC_NO_PIC = NO;
				GCC_NO_COMMON_BLOCKS = YES;
				GCC_OPTIMIZATION_LEVEL = 0;
				GCC_PREPROCESSOR_DEFINITIONS = (
					"DEBUG=1",
					"$(inherited)",
				);
				GCC_WARN_64_TO_32_BIT_CONVERSION = YES;
				GCC_WARN_ABOUT_RETURN_TYPE = YES_ERROR;
				GCC_WARN_UNDECLARED_SELECTOR = YES;
				GCC_WARN_UNINITIALIZED_AUTOS = YES_AGGRESSIVE;
				GCC_WARN_UNUSED_FUNCTION = YES;
				GCC_WARN_UNUSED_VARIABLE = YES;
				IPHONEOS_DEPLOYMENT_TARGET = 9.3;
				MTL_ENABLE_DEBUG_INFO = YES;
				ONLY_ACTIVE_ARCH = YES;
				SDKROOT = iphoneos;
				SWIFT_OPTIMIZATION_LEVEL = "-Onone";
			};
			name = Debug;
		};
		E0A124BA1D473E0800968B20 /* Release */ = {
			isa = XCBuildConfiguration;
			buildSettings = {
				ALWAYS_SEARCH_USER_PATHS = NO;
				CLANG_ANALYZER_NONNULL = YES;
				CLANG_CXX_LANGUAGE_STANDARD = "gnu++0x";
				CLANG_CXX_LIBRARY = "libc++";
				CLANG_ENABLE_MODULES = YES;
				CLANG_ENABLE_OBJC_ARC = YES;
				CLANG_WARN_BOOL_CONVERSION = YES;
				CLANG_WARN_CONSTANT_CONVERSION = YES;
				CLANG_WARN_DIRECT_OBJC_ISA_USAGE = YES_ERROR;
				CLANG_WARN_EMPTY_BODY = YES;
				CLANG_WARN_ENUM_CONVERSION = YES;
				CLANG_WARN_INT_CONVERSION = YES;
				CLANG_WARN_OBJC_ROOT_CLASS = YES_ERROR;
				CLANG_WARN_UNREACHABLE_CODE = YES;
				CLANG_WARN__DUPLICATE_METHOD_MATCH = YES;
				"CODE_SIGN_IDENTITY[sdk=iphoneos*]" = "iPhone Developer";
				COPY_PHASE_STRIP = NO;
				DEBUG_INFORMATION_FORMAT = "dwarf-with-dsym";
				ENABLE_NS_ASSERTIONS = NO;
				ENABLE_STRICT_OBJC_MSGSEND = YES;
				GCC_C_LANGUAGE_STANDARD = gnu99;
				GCC_NO_COMMON_BLOCKS = YES;
				GCC_WARN_64_TO_32_BIT_CONVERSION = YES;
				GCC_WARN_ABOUT_RETURN_TYPE = YES_ERROR;
				GCC_WARN_UNDECLARED_SELECTOR = YES;
				GCC_WARN_UNINITIALIZED_AUTOS = YES_AGGRESSIVE;
				GCC_WARN_UNUSED_FUNCTION = YES;
				GCC_WARN_UNUSED_VARIABLE = YES;
				IPHONEOS_DEPLOYMENT_TARGET = 9.3;
				MTL_ENABLE_DEBUG_INFO = NO;
				SDKROOT = iphoneos;
				VALIDATE_PRODUCT = YES;
			};
			name = Release;
		};
		E0A124BC1D473E0800968B20 /* Debug */ = {
			isa = XCBuildConfiguration;
			baseConfigurationReference = 3526801A66B386DD1749CF3C /* Pods-NFBeeControllerSwift.debug.xcconfig */;
			buildSettings = {
				ASSETCATALOG_COMPILER_APPICON_NAME = AppIcon;
				CLANG_ENABLE_MODULES = YES;
				GCC_PREPROCESSOR_DEFINITIONS = (
					"$(inherited)",
					"COCOAPODS=1",
				);
				INFOPLIST_FILE = NFBeeControllerSwift/Info.plist;
				LD_RUNPATH_SEARCH_PATHS = "$(inherited) @executable_path/Frameworks";
				OTHER_SWIFT_FLAGS = "$(inherited) \"-D\" \"COCOAPODS\" \"-DDEBUG\"";
				PRODUCT_BUNDLE_IDENTIFIER = mobile.ninefivefly.app.NFBeeControllerSwift;
				PRODUCT_NAME = "$(TARGET_NAME)";
				SWIFT_OBJC_BRIDGING_HEADER = "NFBeeControllerSwift/NFBeeControllerSwift-Bridging-Header.h";
				SWIFT_OPTIMIZATION_LEVEL = "-Onone";
				USER_HEADER_SEARCH_PATHS = "";
			};
			name = Debug;
		};
		E0A124BD1D473E0800968B20 /* Release */ = {
			isa = XCBuildConfiguration;
			baseConfigurationReference = D6E649CBCB85984B1B057D77 /* Pods-NFBeeControllerSwift.release.xcconfig */;
			buildSettings = {
				ASSETCATALOG_COMPILER_APPICON_NAME = AppIcon;
				CLANG_ENABLE_MODULES = YES;
				INFOPLIST_FILE = NFBeeControllerSwift/Info.plist;
				LD_RUNPATH_SEARCH_PATHS = "$(inherited) @executable_path/Frameworks";
				OTHER_SWIFT_FLAGS = "$(inherited) \"-D\" \"COCOAPODS\" \"-DDEBUG\"";
				PRODUCT_BUNDLE_IDENTIFIER = mobile.ninefivefly.app.NFBeeControllerSwift;
				PRODUCT_NAME = "$(TARGET_NAME)";
				SWIFT_OBJC_BRIDGING_HEADER = "NFBeeControllerSwift/NFBeeControllerSwift-Bridging-Header.h";
				USER_HEADER_SEARCH_PATHS = "";
			};
			name = Release;
		};
/* End XCBuildConfiguration section */

/* Begin XCConfigurationList section */
		E0A124A41D473E0600968B20 /* Build configuration list for PBXProject "NFBeeControllerSwift" */ = {
			isa = XCConfigurationList;
			buildConfigurations = (
				E0A124B91D473E0800968B20 /* Debug */,
				E0A124BA1D473E0800968B20 /* Release */,
			);
			defaultConfigurationIsVisible = 0;
			defaultConfigurationName = Release;
		};
		E0A124BB1D473E0800968B20 /* Build configuration list for PBXNativeTarget "NFBeeControllerSwift" */ = {
			isa = XCConfigurationList;
			buildConfigurations = (
				E0A124BC1D473E0800968B20 /* Debug */,
				E0A124BD1D473E0800968B20 /* Release */,
			);
			defaultConfigurationIsVisible = 0;
			defaultConfigurationName = Release;
		};
/* End XCConfigurationList section */
	};
	rootObject = E0A124A11D473E0600968B20 /* Project object */;
}
